PODS:
  - Flutter (1.0.0)
  - path_provider (0.0.1):
    - Flutter
  - share (0.5.2):
    - Flutter
  - url_launcher (0.0.1):
    - Flutter
  - wc_flutter_share (0.0.1):
    - Flutter

DEPENDENCIES:
  - Flutter (from `.symlinks/flutter/ios`)
  - path_provider (from `.symlinks/plugins/path_provider/ios`)
  - share (from `.symlinks/plugins/share/ios`)
  - url_launcher (from `.symlinks/plugins/url_launcher/ios`)
  - wc_flutter_share (from `.symlinks/plugins/wc_flutter_share/ios`)

EXTERNAL SOURCES:
  Flutter:
    :path: ".symlinks/flutter/ios"
  path_provider:
    :path: ".symlinks/plugins/path_provider/ios"
  share:
    :path: ".symlinks/plugins/share/ios"
  url_launcher:
    :path: ".symlinks/plugins/url_launcher/ios"
  wc_flutter_share:
    :path: ".symlinks/plugins/wc_flutter_share/ios"

SPEC CHECKSUMS:
  Flutter: 58dd7d1b27887414a370fcccb9e645c08ffd7a6a
  path_provider: f96fff6166a8867510d2c25fdcc346327cc4b259
  share: 7d22fe8baedfe93aefd864bf0b73f29711fbb0a3
  url_launcher: 0067ddb8f10d36786672aa0722a21717dba3a298
  wc_flutter_share: acdfe1a80d72f39da40378151fe50d5d86f15cbf

PODFILE CHECKSUM: c1e141bcfa8f44b807fbbe3c400ab803d5e44f2d

COCOAPODS: 1.7.4
